
Microsoft Visual Studio Solution File, Format Version 12.00
Project("{FAE04EC0-301F-11D3-BF4B-00C04F79EFBC}") = "WGJ138", "WGJ138\WGJ138.csproj", "{2241BADB-2AAA-47F3-97DB-E3B1143F1069}"
EndProject
Global
	GlobalSection(SolutionConfigurationPlatforms) = preSolution
		Debug|Any CPU = Debug|Any CPU
		Release|Any CPU = Release|Any CPU
	EndGlobalSection
	GlobalSection(ProjectConfigurationPlatforms) = postSolution
		{2241BADB-2AAA-47F3-97DB-E3B1143F1069}.Debug|Any CPU.ActiveCfg = Debug|Any CPU
		{2241BADB-2AAA-47F3-97DB-E3B1143F1069}.Debug|Any CPU.Build.0 = Debug|Any CPU
		{2241BADB-2AAA-47F3-97DB-E3B1143F1069}.Release|Any CPU.ActiveCfg = Release|Any CPU
		{2241BADB-2AAA-47F3-97DB-E3B1143F1069}.Release|Any CPU.Build.0 = Release|Any CPU
	EndGlobalSection
EndGlobal
